
Microsoft Visual Studio Solution File, Format Version 12.00
# Visual Studio Version 17
VisualStudioVersion = 17.9.34902.65
MinimumVisualStudioVersion = 10.0.40219.1
Project("{9A19103F-16F7-4668-BE54-9A1E7A4F7556}") = "WEBAPI.SegundoParcialRB", "PrimerParcialRB\WEBAPI.SegundoParcialRB.csproj", "{CC956ACC-3263-459E-BA84-05AF4BAA19F6}"
EndProject
Project("{9A19103F-16F7-4668-BE54-9A1E7A4F7556}") = "Service", "Services\Service.csproj", "{517E2997-7C41-4D72-8770-57E94F954450}"
EndProject
Project("{9A19103F-16F7-4668-BE54-9A1E7A4F7556}") = "Repository", "Repository\Repository.csproj", "{97956E70-63F4-4ACE-9F03-C3BF44F155A5}"
EndProject
Global
	GlobalSection(SolutionConfigurationPlatforms) = preSolution
		Debug|Any CPU = Debug|Any CPU
		Release|Any CPU = Release|Any CPU
	EndGlobalSection
	GlobalSection(ProjectConfigurationPlatforms) = postSolution
		{CC956ACC-3263-459E-BA84-05AF4BAA19F6}.Debug|Any CPU.ActiveCfg = Debug|Any CPU
		{CC956ACC-3263-459E-BA84-05AF4BAA19F6}.Debug|Any CPU.Build.0 = Debug|Any CPU
		{CC956ACC-3263-459E-BA84-05AF4BAA19F6}.Release|Any CPU.ActiveCfg = Release|Any CPU
		{CC956ACC-3263-459E-BA84-05AF4BAA19F6}.Release|Any CPU.Build.0 = Release|Any CPU
		{517E2997-7C41-4D72-8770-57E94F954450}.Debug|Any CPU.ActiveCfg = Debug|Any CPU
		{517E2997-7C41-4D72-8770-57E94F954450}.Debug|Any CPU.Build.0 = Debug|Any CPU
		{517E2997-7C41-4D72-8770-57E94F954450}.Release|Any CPU.ActiveCfg = Release|Any CPU
		{517E2997-7C41-4D72-8770-57E94F954450}.Release|Any CPU.Build.0 = Release|Any CPU
		{97956E70-63F4-4ACE-9F03-C3BF44F155A5}.Debug|Any CPU.ActiveCfg = Debug|Any CPU
		{97956E70-63F4-4ACE-9F03-C3BF44F155A5}.Debug|Any CPU.Build.0 = Debug|Any CPU
		{97956E70-63F4-4ACE-9F03-C3BF44F155A5}.Release|Any CPU.ActiveCfg = Release|Any CPU
		{97956E70-63F4-4ACE-9F03-C3BF44F155A5}.Release|Any CPU.Build.0 = Release|Any CPU
	EndGlobalSection
	GlobalSection(SolutionProperties) = preSolution
		HideSolutionNode = FALSE
	EndGlobalSection
	GlobalSection(ExtensibilityGlobals) = postSolution
		SolutionGuid = {007FF18C-2999-43F0-BF4A-01A005CA3FF8}
	EndGlobalSection
EndGlobal
